
Microsoft Visual Studio Solution File, Format Version 12.00
# Visual Studio Version 17
VisualStudioVersion = 17.8.34408.163
MinimumVisualStudioVersion = 10.0.40219.1
Project("{FAE04EC0-301F-11D3-BF4B-00C04F79EFBC}") = "Szamrendszerek", "Szamrendszerek.csproj", "{EAF95342-4563-48EA-8F56-DBBE31DD6900}"
EndProject
Global
	GlobalSection(SolutionConfigurationPlatforms) = preSolution
		Debug|Any CPU = Debug|Any CPU
		Release|Any CPU = Release|Any CPU
	EndGlobalSection
	GlobalSection(ProjectConfigurationPlatforms) = postSolution
		{EAF95342-4563-48EA-8F56-DBBE31DD6900}.Debug|Any CPU.ActiveCfg = Debug|Any CPU
		{EAF95342-4563-48EA-8F56-DBBE31DD6900}.Debug|Any CPU.Build.0 = Debug|Any CPU
		{EAF95342-4563-48EA-8F56-DBBE31DD6900}.Release|Any CPU.ActiveCfg = Release|Any CPU
		{EAF95342-4563-48EA-8F56-DBBE31DD6900}.Release|Any CPU.Build.0 = Release|Any CPU
	EndGlobalSection
	GlobalSection(SolutionProperties) = preSolution
		HideSolutionNode = FALSE
	EndGlobalSection
	GlobalSection(ExtensibilityGlobals) = postSolution
		SolutionGuid = {8668E0FA-CBC7-47D5-B94C-C583EAB5AE28}
	EndGlobalSection
EndGlobal
